// !$*UTF8*$!
{
	archiveVersion = 1;
	classes = {
	};
	objectVersion = 50;
	objects = {

/* Begin PBXBuildFile section */
		9501611E2165A95100AC6BFB /* AppDelegate.swift in Sources */ = {isa = PBXBuildFile; fileRef = 9501611D2165A95100AC6BFB /* AppDelegate.swift */; };
		950161202165A95100AC6BFB /* ViewController.swift in Sources */ = {isa = PBXBuildFile; fileRef = 9501611F2165A95100AC6BFB /* ViewController.swift */; };
		950161232165A95100AC6BFB /* Main.storyboard in Resources */ = {isa = PBXBuildFile; fileRef = 950161212165A95100AC6BFB /* Main.storyboard */; };
		950161252165A95200AC6BFB /* Assets.xcassets in Resources */ = {isa = PBXBuildFile; fileRef = 950161242165A95200AC6BFB /* Assets.xcassets */; };
		950161282165A95200AC6BFB /* LaunchScreen.storyboard in Resources */ = {isa = PBXBuildFile; fileRef = 950161262165A95200AC6BFB /* LaunchScreen.storyboard */; };
		950161302165A9C400AC6BFB /* USException.swift in Sources */ = {isa = PBXBuildFile; fileRef = 9501612F2165A9C400AC6BFB /* USException.swift */; };
/* End PBXBuildFile section */

/* Begin PBXFileReference section */
		9501611A2165A95100AC6BFB /* Exception.app */ = {isa = PBXFileReference; explicitFileType = wrapper.application; includeInIndex = 0; path = Exception.app; sourceTree = BUILT_PRODUCTS_DIR; };
		9501611D2165A95100AC6BFB /* AppDelegate.swift */ = {isa = PBXFileReference; lastKnownFileType = sourcecode.swift; path = AppDelegate.swift; sourceTree = "<group>"; };
		9501611F2165A95100AC6BFB /* ViewController.swift */ = {isa = PBXFileReference; lastKnownFileType = sourcecode.swift; path = ViewController.swift; sourceTree = "<group>"; };
		950161222165A95100AC6BFB /* Base */ = {isa = PBXFileReference; lastKnownFileType = file.storyboard; name = Base; path = Base.lproj/Main.storyboard; sourceTree = "<group>"; };
		950161242165A95200AC6BFB /* Assets.xcassets */ = {isa = PBXFileReference; lastKnownFileType = folder.assetcatalog; path = Assets.xcassets; sourceTree = "<group>"; };
		950161272165A95200AC6BFB /* Base */ = {isa = PBXFileReference; lastKnownFileType = file.storyboard; name = Base; path = Base.lproj/LaunchScreen.storyboard; sourceTree = "<group>"; };
		950161292165A95200AC6BFB /* Info.plist */ = {isa = PBXFileReference; lastKnownFileType = text.plist.xml; path = Info.plist; sourceTree = "<group>"; };
		9501612F2165A9C400AC6BFB /* USException.swift */ = {isa = PBXFileReference; lastKnownFileType = sourcecode.swift; path = USException.swift; sourceTree = "<group>"; };
/* End PBXFileReference section */

/* Begin PBXFrameworksBuildPhase section */
		950161172165A95100AC6BFB /* Frameworks */ = {
			isa = PBXFrameworksBuildPhase;
			buildActionMask = 2147483647;
			files = (
			);
			runOnlyForDeploymentPostprocessing = 0;
		};
/* End PBXFrameworksBuildPhase section */

/* Begin PBXGroup section */
		950161112165A95100AC6BFB = {
			isa = PBXGroup;
			children = (
				9501611C2165A95100AC6BFB /* Exception */,
				9501611B2165A95100AC6BFB /* Products */,
			);
			sourceTree = "<group>";
		};
		9501611B2165A95100AC6BFB /* Products */ = {
			isa = PBXGroup;
			children = (
				9501611A2165A95100AC6BFB /* Exception.app */,
			);
			name = Products;
			sourceTree = "<group>";
		};
		9501611C2165A95100AC6BFB /* Exception */ = {
			isa = PBXGroup;
			children = (
				9501611D2165A95100AC6BFB /* AppDelegate.swift */,
				9501611F2165A95100AC6BFB /* ViewController.swift */,
				9501612F2165A9C400AC6BFB /* USException.swift */,
				950161212165A95100AC6BFB /* Main.storyboard */,
				950161242165A95200AC6BFB /* Assets.xcassets */,
				950161262165A95200AC6BFB /* LaunchScreen.storyboard */,
				950161292165A95200AC6BFB /* Info.plist */,
			);
			path = Exception;
			sourceTree = "<group>";
		};
/* End PBXGroup section */

/* Begin PBXNativeTarget section */
		950161192165A95100AC6BFB /* Exception */ = {
			isa = PBXNativeTarget;
			buildConfigurationList = 9501612C2165A95200AC6BFB /* Build configuration list for PBXNativeTarget "Exception" */;
			buildPhases = (
				950161162165A95100AC6BFB /* Sources */,
				950161172165A95100AC6BFB /* Frameworks */,
				950161182165A95100AC6BFB /* Resources */,
			);
			buildRules = (
			);
			dependencies = (
			);
			name = Exception;
			productName = Exception;
			productReference = 9501611A2165A95100AC6BFB /* Exception.app */;
			productType = "com.apple.product-type.application";
		};
/* End PBXNativeTarget section */

/* Begin PBXProject section */
		950161122165A95100AC6BFB /* Project object */ = {
			isa = PBXProject;
			attributes = {
				LastSwiftUpdateCheck = 1000;
				LastUpgradeCheck = 1000;
				ORGANIZATIONNAME = xxxxxxx;
				TargetAttributes = {
					950161192165A95100AC6BFB = {
						CreatedOnToolsVersion = 10.0;
					};
				};
			};
			buildConfigurationList = 950161152165A95100AC6BFB /* Build configuration list for PBXProject "Exception" */;
			compatibilityVersion = "Xcode 9.3";
			developmentRegion = en;
			hasScannedForEncodings = 0;
			knownRegions = (
				en,
				Base,
			);
			mainGroup = 950161112165A95100AC6BFB;
			productRefGroup = 9501611B2165A95100AC6BFB /* Products */;
			projectDirPath = "";
			projectRoot = "";
			targets = (
				950161192165A95100AC6BFB /* Exception */,
			);
		};
/* End PBXProject section */

/* Begin PBXResourcesBuildPhase section */
		950161182165A95100AC6BFB /* Resources */ = {
			isa = PBXResourcesBuildPhase;
			buildActionMask = 2147483647;
			files = (
				950161282165A95200AC6BFB /* LaunchScreen.storyboard in Resources */,
				950161252165A95200AC6BFB /* Assets.xcassets in Resources */,
				950161232165A95100AC6BFB /* Main.storyboard in Resources */,
			);
			runOnlyForDeploymentPostprocessing = 0;
		};
/* End PBXResourcesBuildPhase section */

/* Begin PBXSourcesBuildPhase section */
		950161162165A95100AC6BFB /* Sources */ = {
			isa = PBXSourcesBuildPhase;
			buildActionMask = 2147483647;
			files = (
				950161302165A9C400AC6BFB /* USException.swift in Sources */,
				950161202165A95100AC6BFB /* ViewController.swift in Sources */,
				9501611E2165A95100AC6BFB /* AppDelegate.swift in Sources */,
			);
			runOnlyForDeploymentPostprocessing = 0;
		};
/* End PBXSourcesBuildPhase section */

/* Begin PBXVariantGroup section */
		950161212165A95100AC6BFB /* Main.storyboard */ = {
			isa = PBXVariantGroup;
			children = (
				950161222165A95100AC6BFB /* Base */,
			);
			name = Main.storyboard;
			sourceTree = "<group>";
		};
		950161262165A95200AC6BFB /* LaunchScreen.storyboard */ = {
			isa = PBXVariantGroup;
			children = (
				950161272165A95200AC6BFB /* Base */,
			);
			name = LaunchScreen.storyboard;
			sourceTree = "<group>";
		};
/* End PBXVariantGroup section */

/* Begin XCBuildConfiguration section */
		9501612A2165A95200AC6BFB /* Debug */ = {
			isa = XCBuildConfiguration;
			buildSettings = {
				ALWAYS_SEARCH_USER_PATHS = NO;
				CLANG_ANALYZER_NONNULL = YES;
				CLANG_ANALYZER_NUMBER_OBJECT_CONVERSION = YES_AGGRESSIVE;
				CLANG_CXX_LANGUAGE_STANDARD = "gnu++14";
				CLANG_CXX_LIBRARY = "libc++";
				CLANG_ENABLE_MODULES = YES;
				CLANG_ENABLE_OBJC_ARC = YES;
				CLANG_ENABLE_OBJC_WEAK = YES;
				CLANG_WARN_BLOCK_CAPTURE_AUTORELEASING = YES;
				CLANG_WARN_BOOL_CONVERSION = YES;
				CLANG_WARN_COMMA = YES;
				CLANG_WARN_CONSTANT_CONVERSION = YES;
				CLANG_WARN_DEPRECATED_OBJC_IMPLEMENTATIONS = YES;
				CLANG_WARN_DIRECT_OBJC_ISA_USAGE = YES_ERROR;
				CLANG_WARN_DOCUMENTATION_COMMENTS = YES;
				CLANG_WARN_EMPTY_BODY = YES;
				CLANG_WARN_ENUM_CONVERSION = YES;
				CLANG_WARN_INFINITE_RECURSION = YES;
				CLANG_WARN_INT_CONVERSION = YES;
				CLANG_WARN_NON_LITERAL_NULL_CONVERSION = YES;
				CLANG_WARN_OBJC_IMPLICIT_RETAIN_SELF = YES;
				CLANG_WARN_OBJC_LITERAL_CONVERSION = YES;
				CLANG_WARN_OBJC_ROOT_CLASS = YES_ERROR;
				CLANG_WARN_RANGE_LOOP_ANALYSIS = YES;
				CLANG_WARN_STRICT_PROTOTYPES = YES;
				CLANG_WARN_SUSPICIOUS_MOVE = YES;
				CLANG_WARN_UNGUARDED_AVAILABILITY = YES_AGGRESSIVE;
				CLANG_WARN_UNREACHABLE_CODE = YES;
				CLANG_WARN__DUPLICATE_METHOD_MATCH = YES;
				CODE_SIGN_IDENTITY = "iPhone Developer";
				COPY_PHASE_STRIP = NO;
				DEBUG_INFORMATION_FORMAT = dwarf;
				ENABLE_STRICT_OBJC_MSGSEND = YES;
				ENABLE_TESTABILITY = YES;
				GCC_C_LANGUAGE_STANDARD = gnu11;
				GCC_DYNAMIC_NO_PIC = NO;
				GCC_NO_COMMON_BLOCKS = YES;
				GCC_OPTIMIZATION_LEVEL = 0;
				GCC_PREPROCESSOR_DEFINITIONS = (
					"DEBUG=1",
					"$(inherited)",
				);
				GCC_WARN_64_TO_32_BIT_CONVERSION = YES;
				GCC_WARN_ABOUT_RETURN_TYPE = YES_ERROR;
				GCC_WARN_UNDECLARED_SELECTOR = YES;
				GCC_WARN_UNINITIALIZED_AUTOS = YES_AGGRESSIVE;
				GCC_WARN_UNUSED_FUNCTION = YES;
				GCC_WARN_UNUSED_VARIABLE = YES;
				IPHONEOS_DEPLOYMENT_TARGET = 12.0;
				MTL_ENABLE_DEBUG_INFO = INCLUDE_SOURCE;
				MTL_FAST_MATH = YES;
				ONLY_ACTIVE_ARCH = YES;
				SDKROOT = iphoneos;
				SWIFT_ACTIVE_COMPILATION_CONDITIONS = DEBUG;
				SWIFT_OPTIMIZATION_LEVEL = "-Onone";
			};
			name = Debug;
		};
		9501612B2165A95200AC6BFB /* Release */ = {
			isa = XCBuildConfiguration;
			buildSettings = {
				ALWAYS_SEARCH_USER_PATHS = NO;
				CLANG_ANALYZER_NONNULL = YES;
				CLANG_ANALYZER_NUMBER_OBJECT_CONVERSION = YES_AGGRESSIVE;
				CLANG_CXX_LANGUAGE_STANDARD = "gnu++14";
				CLANG_CXX_LIBRARY = "libc++";
				CLANG_ENABLE_MODULES = YES;
				CLANG_ENABLE_OBJC_ARC = YES;
				CLANG_ENABLE_OBJC_WEAK = YES;
				CLANG_WARN_BLOCK_CAPTURE_AUTORELEASING = YES;
				CLANG_WARN_BOOL_CONVERSION = YES;
				CLANG_WARN_COMMA = YES;
				CLANG_WARN_CONSTANT_CONVERSION = YES;
				CLANG_WARN_DEPRECATED_OBJC_IMPLEMENTATIONS = YES;
				CLANG_WARN_DIRECT_OBJC_ISA_USAGE = YES_ERROR;
				CLANG_WARN_DOCUMENTATION_COMMENTS = YES;
				CLANG_WARN_EMPTY_BODY = YES;
				CLANG_WARN_ENUM_CONVERSION = YES;
				CLANG_WARN_INFINITE_RECURSION = YES;
				CLANG_WARN_INT_CONVERSION = YES;
				CLANG_WARN_NON_LITERAL_NULL_CONVERSION = YES;
				CLANG_WARN_OBJC_IMPLICIT_RETAIN_SELF = YES;
				CLANG_WARN_OBJC_LITERAL_CONVERSION = YES;
				CLANG_WARN_OBJC_ROOT_CLASS = YES_ERROR;
				CLANG_WARN_RANGE_LOOP_ANALYSIS = YES;
				CLANG_WARN_STRICT_PROTOTYPES = YES;
				CLANG_WARN_SUSPICIOUS_MOVE = YES;
				CLANG_WARN_UNGUARDED_AVAILABILITY = YES_AGGRESSIVE;
				CLANG_WARN_UNREACHABLE_CODE = YES;
				CLANG_WARN__DUPLICATE_METHOD_MATCH = YES;
				CODE_SIGN_IDENTITY = "iPhone Developer";
				COPY_PHASE_STRIP = NO;
				DEBUG_INFORMATION_FORMAT = "dwarf-with-dsym";
				ENABLE_NS_ASSERTIONS = NO;
				ENABLE_STRICT_OBJC_MSGSEND = YES;
				GCC_C_LANGUAGE_STANDARD = gnu11;
				GCC_NO_COMMON_BLOCKS = YES;
				GCC_WARN_64_TO_32_BIT_CONVERSION = YES;
				GCC_WARN_ABOUT_RETURN_TYPE = YES_ERROR;
				GCC_WARN_UNDECLARED_SELECTOR = YES;
				GCC_WARN_UNINITIALIZED_AUTOS = YES_AGGRESSIVE;
				GCC_WARN_UNUSED_FUNCTION = YES;
				GCC_WARN_UNUSED_VARIABLE = YES;
				IPHONEOS_DEPLOYMENT_TARGET = 12.0;
				MTL_ENABLE_DEBUG_INFO = NO;
				MTL_FAST_MATH = YES;
				SDKROOT = iphoneos;
				SWIFT_COMPILATION_MODE = wholemodule;
				SWIFT_OPTIMIZATION_LEVEL = "-O";
				VALIDATE_PRODUCT = YES;
			};
			name = Release;
		};
		9501612D2165A95200AC6BFB /* Debug */ = {
			isa = XCBuildConfiguration;
			buildSettings = {
				ASSETCATALOG_COMPILER_APPICON_NAME = AppIcon;
				CODE_SIGN_STYLE = Automatic;
				DEVELOPMENT_TEAM = B72V3N39QB;
				INFOPLIST_FILE = Exception/Info.plist;
				LD_RUNPATH_SEARCH_PATHS = (
					"$(inherited)",
					"@executable_path/Frameworks",
				);
				PRODUCT_BUNDLE_IDENTIFIER = com.Karepbq.Exception;
				PRODUCT_NAME = "$(TARGET_NAME)";
				SWIFT_VERSION = 4.2;
				TARGETED_DEVICE_FAMILY = "1,2";
			};
			name = Debug;
		};
		9501612E2165A95200AC6BFB /* Release */ = {
			isa = XCBuildConfiguration;
			buildSettings = {
				ASSETCATALOG_COMPILER_APPICON_NAME = AppIcon;
				CODE_SIGN_STYLE = Automatic;
				DEVELOPMENT_TEAM = B72V3N39QB;
				INFOPLIST_FILE = Exception/Info.plist;
				LD_RUNPATH_SEARCH_PATHS = (
					"$(inherited)",
					"@executable_path/Frameworks",
				);
				PRODUCT_BUNDLE_IDENTIFIER = com.Karepbq.Exception;
				PRODUCT_NAME = "$(TARGET_NAME)";
				SWIFT_VERSION = 4.2;
				TARGETED_DEVICE_FAMILY = "1,2";
			};
			name = Release;
		};
/* End XCBuildConfiguration section */

/* Begin XCConfigurationList section */
		950161152165A95100AC6BFB /* Build configuration list for PBXProject "Exception" */ = {
			isa = XCConfigurationList;
			buildConfigurations = (
				9501612A2165A95200AC6BFB /* Debug */,
				9501612B2165A95200AC6BFB /* Release */,
			);
			defaultConfigurationIsVisible = 0;
			defaultConfigurationName = Release;
		};
		9501612C2165A95200AC6BFB /* Build configuration list for PBXNativeTarget "Exception" */ = {
			isa = XCConfigurationList;
			buildConfigurations = (
				9501612D2165A95200AC6BFB /* Debug */,
				9501612E2165A95200AC6BFB /* Release */,
			);
			defaultConfigurationIsVisible = 0;
			defaultConfigurationName = Release;
		};
/* End XCConfigurationList section */
	};
	rootObject = 950161122165A95100AC6BFB /* Project object */;
}
